// !$*UTF8*$!
{
	archiveVersion = 1;
	classes = {
	};
	objectVersion = 77;
	objects = {

/* Begin PBXContainerItemProxy section */
		862C3AAF2DAFA55300FC37A2 /* PBXContainerItemProxy */ = {
			isa = PBXContainerItemProxy;
			containerPortal = 862C3A8C2DAFA55100FC37A2 /* Project object */;
			proxyType = 1;
			remoteGlobalIDString = 862C3A932DAFA55100FC37A2;
			remoteInfo = recipe_ios;
		};
		862C3AB92DAFA55300FC37A2 /* PBXContainerItemProxy */ = {
			isa = PBXContainerItemProxy;
			containerPortal = 862C3A8C2DAFA55100FC37A2 /* Project object */;
			proxyType = 1;
			remoteGlobalIDString = 862C3A932DAFA55100FC37A2;
			remoteInfo = recipe_ios;
		};
/* End PBXContainerItemProxy section */

/* Begin PBXFileReference section */
		862C3A942DAFA55100FC37A2 /* recipe_ios.app */ = {isa = PBXFileReference; explicitFileType = wrapper.application; includeInIndex = 0; path = recipe_ios.app; sourceTree = BUILT_PRODUCTS_DIR; };
		862C3AAE2DAFA55300FC37A2 /* recipe_iosTests.xctest */ = {isa = PBXFileReference; explicitFileType = wrapper.cfbundle; includeInIndex = 0; path = recipe_iosTests.xctest; sourceTree = BUILT_PRODUCTS_DIR; };
		862C3AB82DAFA55300FC37A2 /* recipe_iosUITests.xctest */ = {isa = PBXFileReference; explicitFileType = wrapper.cfbundle; includeInIndex = 0; path = recipe_iosUITests.xctest; sourceTree = BUILT_PRODUCTS_DIR; };
/* End PBXFileReference section */

/* Begin PBXFileSystemSynchronizedBuildFileExceptionSet section */
		862C3AC02DAFA55300FC37A2 /* Exceptions for "recipe_ios" folder in "recipe_ios" target */ = {
			isa = PBXFileSystemSynchronizedBuildFileExceptionSet;
			membershipExceptions = (
				Info.plist,
			);
			target = 862C3A932DAFA55100FC37A2 /* recipe_ios */;
		};
/* End PBXFileSystemSynchronizedBuildFileExceptionSet section */

/* Begin PBXFileSystemSynchronizedRootGroup section */
		862C3A962DAFA55100FC37A2 /* recipe_ios */ = {
			isa = PBXFileSystemSynchronizedRootGroup;
			exceptions = (
				862C3AC02DAFA55300FC37A2 /* Exceptions for "recipe_ios" folder in "recipe_ios" target */,
			);
			path = recipe_ios;
			sourceTree = "<group>";
		};
		862C3AB12DAFA55300FC37A2 /* recipe_iosTests */ = {
			isa = PBXFileSystemSynchronizedRootGroup;
			path = recipe_iosTests;
			sourceTree = "<group>";
		};
		862C3ABB2DAFA55300FC37A2 /* recipe_iosUITests */ = {
			isa = PBXFileSystemSynchronizedRootGroup;
			path = recipe_iosUITests;
			sourceTree = "<group>";
		};
/* End PBXFileSystemSynchronizedRootGroup section */

/* Begin PBXFrameworksBuildPhase section */
		862C3A912DAFA55100FC37A2 /* Frameworks */ = {
			isa = PBXFrameworksBuildPhase;
			buildActionMask = 2147483647;
			files = (
			);
			runOnlyForDeploymentPostprocessing = 0;
		};
		862C3AAB2DAFA55300FC37A2 /* Frameworks */ = {
			isa = PBXFrameworksBuildPhase;
			buildActionMask = 2147483647;
			files = (
			);
			runOnlyForDeploymentPostprocessing = 0;
		};
		862C3AB52DAFA55300FC37A2 /* Frameworks */ = {
			isa = PBXFrameworksBuildPhase;
			buildActionMask = 2147483647;
			files = (
			);
			runOnlyForDeploymentPostprocessing = 0;
		};
/* End PBXFrameworksBuildPhase section */

/* Begin PBXGroup section */
		862C3A8B2DAFA55100FC37A2 = {
			isa = PBXGroup;
			children = (
				862C3A962DAFA55100FC37A2 /* recipe_ios */,
				862C3AB12DAFA55300FC37A2 /* recipe_iosTests */,
				862C3ABB2DAFA55300FC37A2 /* recipe_iosUITests */,
				862C3A952DAFA55100FC37A2 /* Products */,
			);
			sourceTree = "<group>";
		};
		862C3A952DAFA55100FC37A2 /* Products */ = {
			isa = PBXGroup;
			children = (
				862C3A942DAFA55100FC37A2 /* recipe_ios.app */,
				862C3AAE2DAFA55300FC37A2 /* recipe_iosTests.xctest */,
				862C3AB82DAFA55300FC37A2 /* recipe_iosUITests.xctest */,
			);
			name = Products;
			sourceTree = "<group>";
		};
/* End PBXGroup section */

/* Begin PBXNativeTarget section */
		862C3A932DAFA55100FC37A2 /* recipe_ios */ = {
			isa = PBXNativeTarget;
			buildConfigurationList = 862C3AC12DAFA55300FC37A2 /* Build configuration list for PBXNativeTarget "recipe_ios" */;
			buildPhases = (
				862C3A902DAFA55100FC37A2 /* Sources */,
				862C3A912DAFA55100FC37A2 /* Frameworks */,
				862C3A922DAFA55100FC37A2 /* Resources */,
			);
			buildRules = (
			);
			dependencies = (
			);
			fileSystemSynchronizedGroups = (
				862C3A962DAFA55100FC37A2 /* recipe_ios */,
			);
			name = recipe_ios;
			packageProductDependencies = (
			);
			productName = recipe_ios;
			productReference = 862C3A942DAFA55100FC37A2 /* recipe_ios.app */;
			productType = "com.apple.product-type.application";
		};
		862C3AAD2DAFA55300FC37A2 /* recipe_iosTests */ = {
			isa = PBXNativeTarget;
			buildConfigurationList = 862C3AC62DAFA55300FC37A2 /* Build configuration list for PBXNativeTarget "recipe_iosTests" */;
			buildPhases = (
				862C3AAA2DAFA55300FC37A2 /* Sources */,
				862C3AAB2DAFA55300FC37A2 /* Frameworks */,
				862C3AAC2DAFA55300FC37A2 /* Resources */,
			);
			buildRules = (
			);
			dependencies = (
				862C3AB02DAFA55300FC37A2 /* PBXTargetDependency */,
			);
			fileSystemSynchronizedGroups = (
				862C3AB12DAFA55300FC37A2 /* recipe_iosTests */,
			);
			name = recipe_iosTests;
			packageProductDependencies = (
			);
			productName = recipe_iosTests;
			productReference = 862C3AAE2DAFA55300FC37A2 /* recipe_iosTests.xctest */;
			productType = "com.apple.product-type.bundle.unit-test";
		};
		862C3AB72DAFA55300FC37A2 /* recipe_iosUITests */ = {
			isa = PBXNativeTarget;
			buildConfigurationList = 862C3AC92DAFA55300FC37A2 /* Build configuration list for PBXNativeTarget "recipe_iosUITests" */;
			buildPhases = (
				862C3AB42DAFA55300FC37A2 /* Sources */,
				862C3AB52DAFA55300FC37A2 /* Frameworks */,
				862C3AB62DAFA55300FC37A2 /* Resources */,
			);
			buildRules = (
			);
			dependencies = (
				862C3ABA2DAFA55300FC37A2 /* PBXTargetDependency */,
			);
			fileSystemSynchronizedGroups = (
				862C3ABB2DAFA55300FC37A2 /* recipe_iosUITests */,
			);
			name = recipe_iosUITests;
			packageProductDependencies = (
			);
			productName = recipe_iosUITests;
			productReference = 862C3AB82DAFA55300FC37A2 /* recipe_iosUITests.xctest */;
			productType = "com.apple.product-type.bundle.ui-testing";
		};
/* End PBXNativeTarget section */

/* Begin PBXProject section */
		862C3A8C2DAFA55100FC37A2 /* Project object */ = {
			isa = PBXProject;
			attributes = {
				BuildIndependentTargetsInParallel = 1;
				LastSwiftUpdateCheck = 1620;
				LastUpgradeCheck = 1620;
				TargetAttributes = {
					862C3A932DAFA55100FC37A2 = {
						CreatedOnToolsVersion = 16.2;
					};
					862C3AAD2DAFA55300FC37A2 = {
						CreatedOnToolsVersion = 16.2;
						TestTargetID = 862C3A932DAFA55100FC37A2;
					};
					862C3AB72DAFA55300FC37A2 = {
						CreatedOnToolsVersion = 16.2;
						TestTargetID = 862C3A932DAFA55100FC37A2;
					};
				};
			};
			buildConfigurationList = 862C3A8F2DAFA55100FC37A2 /* Build configuration list for PBXProject "recipe_ios" */;
			developmentRegion = en;
			hasScannedForEncodings = 0;
			knownRegions = (
				en,
				Base,
			);
			mainGroup = 862C3A8B2DAFA55100FC37A2;
			minimizedProjectReferenceProxies = 1;
			preferredProjectObjectVersion = 77;
			productRefGroup = 862C3A952DAFA55100FC37A2 /* Products */;
			projectDirPath = "";
			projectRoot = "";
			targets = (
				862C3A932DAFA55100FC37A2 /* recipe_ios */,
				862C3AAD2DAFA55300FC37A2 /* recipe_iosTests */,
				862C3AB72DAFA55300FC37A2 /* recipe_iosUITests */,
			);
		};
/* End PBXProject section */

/* Begin PBXResourcesBuildPhase section */
		862C3A922DAFA55100FC37A2 /* Resources */ = {
			isa = PBXResourcesBuildPhase;
			buildActionMask = 2147483647;
			files = (
			);
			runOnlyForDeploymentPostprocessing = 0;
		};
		862C3AAC2DAFA55300FC37A2 /* Resources */ = {
			isa = PBXResourcesBuildPhase;
			buildActionMask = 2147483647;
			files = (
			);
			runOnlyForDeploymentPostprocessing = 0;
		};
		862C3AB62DAFA55300FC37A2 /* Resources */ = {
			isa = PBXResourcesBuildPhase;
			buildActionMask = 2147483647;
			files = (
			);
			runOnlyForDeploymentPostprocessing = 0;
		};
/* End PBXResourcesBuildPhase section */

/* Begin PBXSourcesBuildPhase section */
		862C3A902DAFA55100FC37A2 /* Sources */ = {
			isa = PBXSourcesBuildPhase;
			buildActionMask = 2147483647;
			files = (
			);
			runOnlyForDeploymentPostprocessing = 0;
		};
		862C3AAA2DAFA55300FC37A2 /* Sources */ = {
			isa = PBXSourcesBuildPhase;
			buildActionMask = 2147483647;
			files = (
			);
			runOnlyForDeploymentPostprocessing = 0;
		};
		862C3AB42DAFA55300FC37A2 /* Sources */ = {
			isa = PBXSourcesBuildPhase;
			buildActionMask = 2147483647;
			files = (
			);
			runOnlyForDeploymentPostprocessing = 0;
		};
/* End PBXSourcesBuildPhase section */

/* Begin PBXTargetDependency section */
		862C3AB02DAFA55300FC37A2 /* PBXTargetDependency */ = {
			isa = PBXTargetDependency;
			target = 862C3A932DAFA55100FC37A2 /* recipe_ios */;
			targetProxy = 862C3AAF2DAFA55300FC37A2 /* PBXContainerItemProxy */;
		};
		862C3ABA2DAFA55300FC37A2 /* PBXTargetDependency */ = {
			isa = PBXTargetDependency;
			target = 862C3A932DAFA55100FC37A2 /* recipe_ios */;
			targetProxy = 862C3AB92DAFA55300FC37A2 /* PBXContainerItemProxy */;
		};
/* End PBXTargetDependency section */

/* Begin XCBuildConfiguration section */
		862C3AC22DAFA55300FC37A2 /* Debug */ = {
			isa = XCBuildConfiguration;
			buildSettings = {
				ASSETCATALOG_COMPILER_APPICON_NAME = AppIcon;
				ASSETCATALOG_COMPILER_GLOBAL_ACCENT_COLOR_NAME = AccentColor;
				CODE_SIGN_ENTITLEMENTS = recipe_ios/recipe_ios.entitlements;
				CODE_SIGN_STYLE = Automatic;
				CURRENT_PROJECT_VERSION = 1;
				DEVELOPMENT_TEAM = M9BDTUHPN5;
				GENERATE_INFOPLIST_FILE = YES;
				INFOPLIST_FILE = recipe_ios/Info.plist;
				INFOPLIST_KEY_UIApplicationSupportsIndirectInputEvents = YES;
				INFOPLIST_KEY_UILaunchStoryboardName = LaunchScreen;
				INFOPLIST_KEY_UIMainStoryboardFile = Main;
				INFOPLIST_KEY_UISupportedInterfaceOrientations_iPad = "UIInterfaceOrientationPortrait UIInterfaceOrientationPortraitUpsideDown UIInterfaceOrientationLandscapeLeft UIInterfaceOrientationLandscapeRight";
				INFOPLIST_KEY_UISupportedInterfaceOrientations_iPhone = "UIInterfaceOrientationPortrait UIInterfaceOrientationLandscapeLeft UIInterfaceOrientationLandscapeRight";
				LD_RUNPATH_SEARCH_PATHS = (
					"$(inherited)",
					"@executable_path/Frameworks",
				);
				MARKETING_VERSION = 1.0;
				PRODUCT_BUNDLE_IDENTIFIER = "personal.recipe-ios";
				PRODUCT_NAME = "$(TARGET_NAME)";
				SWIFT_EMIT_LOC_STRINGS = YES;
				SWIFT_VERSION = 5.0;
				TARGETED_DEVICE_FAMILY = "1,2";
			};
			name = Debug;
		};
		862C3AC32DAFA55300FC37A2 /* Release */ = {
			isa = XCBuildConfiguration;
			buildSettings = {
				ASSETCATALOG_COMPILER_APPICON_NAME = AppIcon;
				ASSETCATALOG_COMPILER_GLOBAL_ACCENT_COLOR_NAME = AccentColor;
				CODE_SIGN_ENTITLEMENTS = recipe_ios/recipe_ios.entitlements;
				CODE_SIGN_STYLE = Automatic;
				CURRENT_PROJECT_VERSION = 1;
				DEVELOPMENT_TEAM = M9BDTUHPN5;
				GENERATE_INFOPLIST_FILE = YES;
				INFOPLIST_FILE = recipe_ios/Info.plist;
				INFOPLIST_KEY_UIApplicationSupportsIndirectInputEvents = YES;
				INFOPLIST_KEY_UILaunchStoryboardName = LaunchScreen;
				INFOPLIST_KEY_UIMainStoryboardFile = Main;
				INFOPLIST_KEY_UISupportedInterfaceOrientations_iPad = "UIInterfaceOrientationPortrait UIInterfaceOrientationPortraitUpsideDown UIInterfaceOrientationLandscapeLeft UIInterfaceOrientationLandscapeRight";
				INFOPLIST_KEY_UISupportedInterfaceOrientations_iPhone = "UIInterfaceOrientationPortrait UIInterfaceOrientationLandscapeLeft UIInterfaceOrientationLandscapeRight";
				LD_RUNPATH_SEARCH_PATHS = (
					"$(inherited)",
					"@executable_path/Frameworks",
				);
				MARKETING_VERSION = 1.0;
				PRODUCT_BUNDLE_IDENTIFIER = "personal.recipe-ios";
				PRODUCT_NAME = "$(TARGET_NAME)";
				SWIFT_EMIT_LOC_STRINGS = YES;
				SWIFT_VERSION = 5.0;
				TARGETED_DEVICE_FAMILY = "1,2";
			};
			name = Release;
		};
		862C3AC42DAFA55300FC37A2 /* Debug */ = {
			isa = XCBuildConfiguration;
			buildSettings = {
				ALWAYS_SEARCH_USER_PATHS = NO;
				ASSETCATALOG_COMPILER_GENERATE_SWIFT_ASSET_SYMBOL_EXTENSIONS = YES;
				CLANG_ANALYZER_NONNULL = YES;
				CLANG_ANALYZER_NUMBER_OBJECT_CONVERSION = YES_AGGRESSIVE;
				CLANG_CXX_LANGUAGE_STANDARD = "gnu++20";
				CLANG_ENABLE_MODULES = YES;
				CLANG_ENABLE_OBJC_ARC = YES;
				CLANG_ENABLE_OBJC_WEAK = YES;
				CLANG_WARN_BLOCK_CAPTURE_AUTORELEASING = YES;
				CLANG_WARN_BOOL_CONVERSION = YES;
				CLANG_WARN_COMMA = YES;
				CLANG_WARN_CONSTANT_CONVERSION = YES;
				CLANG_WARN_DEPRECATED_OBJC_IMPLEMENTATIONS = YES;
				CLANG_WARN_DIRECT_OBJC_ISA_USAGE = YES_ERROR;
				CLANG_WARN_DOCUMENTATION_COMMENTS = YES;
				CLANG_WARN_EMPTY_BODY = YES;
				CLANG_WARN_ENUM_CONVERSION = YES;
				CLANG_WARN_INFINITE_RECURSION = YES;
				CLANG_WARN_INT_CONVERSION = YES;
				CLANG_WARN_NON_LITERAL_NULL_CONVERSION = YES;
				CLANG_WARN_OBJC_IMPLICIT_RETAIN_SELF = YES;
				CLANG_WARN_OBJC_LITERAL_CONVERSION = YES;
				CLANG_WARN_OBJC_ROOT_CLASS = YES_ERROR;
				CLANG_WARN_QUOTED_INCLUDE_IN_FRAMEWORK_HEADER = YES;
				CLANG_WARN_RANGE_LOOP_ANALYSIS = YES;
				CLANG_WARN_STRICT_PROTOTYPES = YES;
				CLANG_WARN_SUSPICIOUS_MOVE = YES;
				CLANG_WARN_UNGUARDED_AVAILABILITY = YES_AGGRESSIVE;
				CLANG_WARN_UNREACHABLE_CODE = YES;
				CLANG_WARN__DUPLICATE_METHOD_MATCH = YES;
				COPY_PHASE_STRIP = NO;
				DEBUG_INFORMATION_FORMAT = dwarf;
				ENABLE_STRICT_OBJC_MSGSEND = YES;
				ENABLE_TESTABILITY = YES;
				ENABLE_USER_SCRIPT_SANDBOXING = YES;
				GCC_C_LANGUAGE_STANDARD = gnu17;
				GCC_DYNAMIC_NO_PIC = NO;
				GCC_NO_COMMON_BLOCKS = YES;
				GCC_OPTIMIZATION_LEVEL = 0;
				GCC_PREPROCESSOR_DEFINITIONS = (
					"DEBUG=1",
					"$(inherited)",
				);
				GCC_WARN_64_TO_32_BIT_CONVERSION = YES;
				GCC_WARN_ABOUT_RETURN_TYPE = YES_ERROR;
				GCC_WARN_UNDECLARED_SELECTOR = YES;
				GCC_WARN_UNINITIALIZED_AUTOS = YES_AGGRESSIVE;
				GCC_WARN_UNUSED_FUNCTION = YES;
				GCC_WARN_UNUSED_VARIABLE = YES;
				IPHONEOS_DEPLOYMENT_TARGET = 18.2;
				LOCALIZATION_PREFERS_STRING_CATALOGS = YES;
				MTL_ENABLE_DEBUG_INFO = INCLUDE_SOURCE;
				MTL_FAST_MATH = YES;
				ONLY_ACTIVE_ARCH = YES;
				SDKROOT = iphoneos;
				SWIFT_ACTIVE_COMPILATION_CONDITIONS = "DEBUG $(inherited)";
				SWIFT_OPTIMIZATION_LEVEL = "-Onone";
			};
			name = Debug;
		};
		862C3AC52DAFA55300FC37A2 /* Release */ = {
			isa = XCBuildConfiguration;
			buildSettings = {
				ALWAYS_SEARCH_USER_PATHS = NO;
				ASSETCATALOG_COMPILER_GENERATE_SWIFT_ASSET_SYMBOL_EXTENSIONS = YES;
				CLANG_ANALYZER_NONNULL = YES;
				CLANG_ANALYZER_NUMBER_OBJECT_CONVERSION = YES_AGGRESSIVE;
				CLANG_CXX_LANGUAGE_STANDARD = "gnu++20";
				CLANG_ENABLE_MODULES = YES;
				CLANG_ENABLE_OBJC_ARC = YES;
				CLANG_ENABLE_OBJC_WEAK = YES;
				CLANG_WARN_BLOCK_CAPTURE_AUTORELEASING = YES;
				CLANG_WARN_BOOL_CONVERSION = YES;
				CLANG_WARN_COMMA = YES;
				CLANG_WARN_CONSTANT_CONVERSION = YES;
				CLANG_WARN_DEPRECATED_OBJC_IMPLEMENTATIONS = YES;
				CLANG_WARN_DIRECT_OBJC_ISA_USAGE = YES_ERROR;
				CLANG_WARN_DOCUMENTATION_COMMENTS = YES;
				CLANG_WARN_EMPTY_BODY = YES;
				CLANG_WARN_ENUM_CONVERSION = YES;
				CLANG_WARN_INFINITE_RECURSION = YES;
				CLANG_WARN_INT_CONVERSION = YES;
				CLANG_WARN_NON_LITERAL_NULL_CONVERSION = YES;
				CLANG_WARN_OBJC_IMPLICIT_RETAIN_SELF = YES;
				CLANG_WARN_OBJC_LITERAL_CONVERSION = YES;
				CLANG_WARN_OBJC_ROOT_CLASS = YES_ERROR;
				CLANG_WARN_QUOTED_INCLUDE_IN_FRAMEWORK_HEADER = YES;
				CLANG_WARN_RANGE_LOOP_ANALYSIS = YES;
				CLANG_WARN_STRICT_PROTOTYPES = YES;
				CLANG_WARN_SUSPICIOUS_MOVE = YES;
				CLANG_WARN_UNGUARDED_AVAILABILITY = YES_AGGRESSIVE;
				CLANG_WARN_UNREACHABLE_CODE = YES;
				CLANG_WARN__DUPLICATE_METHOD_MATCH = YES;
				COPY_PHASE_STRIP = NO;
				DEBUG_INFORMATION_FORMAT = "dwarf-with-dsym";
				ENABLE_NS_ASSERTIONS = NO;
				ENABLE_STRICT_OBJC_MSGSEND = YES;
				ENABLE_USER_SCRIPT_SANDBOXING = YES;
				GCC_C_LANGUAGE_STANDARD = gnu17;
				GCC_NO_COMMON_BLOCKS = YES;
				GCC_WARN_64_TO_32_BIT_CONVERSION = YES;
				GCC_WARN_ABOUT_RETURN_TYPE = YES_ERROR;
				GCC_WARN_UNDECLARED_SELECTOR = YES;
				GCC_WARN_UNINITIALIZED_AUTOS = YES_AGGRESSIVE;
				GCC_WARN_UNUSED_FUNCTION = YES;
				GCC_WARN_UNUSED_VARIABLE = YES;
				IPHONEOS_DEPLOYMENT_TARGET = 18.2;
				LOCALIZATION_PREFERS_STRING_CATALOGS = YES;
				MTL_ENABLE_DEBUG_INFO = NO;
				MTL_FAST_MATH = YES;
				SDKROOT = iphoneos;
				SWIFT_COMPILATION_MODE = wholemodule;
				VALIDATE_PRODUCT = YES;
			};
			name = Release;
		};
		862C3AC72DAFA55300FC37A2 /* Debug */ = {
			isa = XCBuildConfiguration;
			buildSettings = {
				BUNDLE_LOADER = "$(TEST_HOST)";
				CODE_SIGN_STYLE = Automatic;
				CURRENT_PROJECT_VERSION = 1;
				DEVELOPMENT_TEAM = M9BDTUHPN5;
				GENERATE_INFOPLIST_FILE = YES;
				IPHONEOS_DEPLOYMENT_TARGET = 18.2;
				MARKETING_VERSION = 1.0;
				PRODUCT_BUNDLE_IDENTIFIER = "personal.recipe-iosTests";
				PRODUCT_NAME = "$(TARGET_NAME)";
				SWIFT_EMIT_LOC_STRINGS = NO;
				SWIFT_VERSION = 5.0;
				TARGETED_DEVICE_FAMILY = "1,2";
				TEST_HOST = "$(BUILT_PRODUCTS_DIR)/recipe_ios.app/$(BUNDLE_EXECUTABLE_FOLDER_PATH)/recipe_ios";
			};
			name = Debug;
		};
		862C3AC82DAFA55300FC37A2 /* Release */ = {
			isa = XCBuildConfiguration;
			buildSettings = {
				BUNDLE_LOADER = "$(TEST_HOST)";
				CODE_SIGN_STYLE = Automatic;
				CURRENT_PROJECT_VERSION = 1;
				DEVELOPMENT_TEAM = M9BDTUHPN5;
				GENERATE_INFOPLIST_FILE = YES;
				IPHONEOS_DEPLOYMENT_TARGET = 18.2;
				MARKETING_VERSION = 1.0;
				PRODUCT_BUNDLE_IDENTIFIER = "personal.recipe-iosTests";
				PRODUCT_NAME = "$(TARGET_NAME)";
				SWIFT_EMIT_LOC_STRINGS = NO;
				SWIFT_VERSION = 5.0;
				TARGETED_DEVICE_FAMILY = "1,2";
				TEST_HOST = "$(BUILT_PRODUCTS_DIR)/recipe_ios.app/$(BUNDLE_EXECUTABLE_FOLDER_PATH)/recipe_ios";
			};
			name = Release;
		};
		862C3ACA2DAFA55300FC37A2 /* Debug */ = {
			isa = XCBuildConfiguration;
			buildSettings = {
				CODE_SIGN_STYLE = Automatic;
				CURRENT_PROJECT_VERSION = 1;
				DEVELOPMENT_TEAM = M9BDTUHPN5;
				GENERATE_INFOPLIST_FILE = YES;
				MARKETING_VERSION = 1.0;
				PRODUCT_BUNDLE_IDENTIFIER = "personal.recipe-iosUITests";
				PRODUCT_NAME = "$(TARGET_NAME)";
				SWIFT_EMIT_LOC_STRINGS = NO;
				SWIFT_VERSION = 5.0;
				TARGETED_DEVICE_FAMILY = "1,2";
				TEST_TARGET_NAME = recipe_ios;
			};
			name = Debug;
		};
		862C3ACB2DAFA55300FC37A2 /* Release */ = {
			isa = XCBuildConfiguration;
			buildSettings = {
				CODE_SIGN_STYLE = Automatic;
				CURRENT_PROJECT_VERSION = 1;
				DEVELOPMENT_TEAM = M9BDTUHPN5;
				GENERATE_INFOPLIST_FILE = YES;
				MARKETING_VERSION = 1.0;
				PRODUCT_BUNDLE_IDENTIFIER = "personal.recipe-iosUITests";
				PRODUCT_NAME = "$(TARGET_NAME)";
				SWIFT_EMIT_LOC_STRINGS = NO;
				SWIFT_VERSION = 5.0;
				TARGETED_DEVICE_FAMILY = "1,2";
				TEST_TARGET_NAME = recipe_ios;
			};
			name = Release;
		};
/* End XCBuildConfiguration section */

/* Begin XCConfigurationList section */
		862C3A8F2DAFA55100FC37A2 /* Build configuration list for PBXProject "recipe_ios" */ = {
			isa = XCConfigurationList;
			buildConfigurations = (
				862C3AC42DAFA55300FC37A2 /* Debug */,
				862C3AC52DAFA55300FC37A2 /* Release */,
			);
			defaultConfigurationIsVisible = 0;
			defaultConfigurationName = Release;
		};
		862C3AC12DAFA55300FC37A2 /* Build configuration list for PBXNativeTarget "recipe_ios" */ = {
			isa = XCConfigurationList;
			buildConfigurations = (
				862C3AC22DAFA55300FC37A2 /* Debug */,
				862C3AC32DAFA55300FC37A2 /* Release */,
			);
			defaultConfigurationIsVisible = 0;
			defaultConfigurationName = Release;
		};
		862C3AC62DAFA55300FC37A2 /* Build configuration list for PBXNativeTarget "recipe_iosTests" */ = {
			isa = XCConfigurationList;
			buildConfigurations = (
				862C3AC72DAFA55300FC37A2 /* Debug */,
				862C3AC82DAFA55300FC37A2 /* Release */,
			);
			defaultConfigurationIsVisible = 0;
			defaultConfigurationName = Release;
		};
		862C3AC92DAFA55300FC37A2 /* Build configuration list for PBXNativeTarget "recipe_iosUITests" */ = {
			isa = XCConfigurationList;
			buildConfigurations = (
				862C3ACA2DAFA55300FC37A2 /* Debug */,
				862C3ACB2DAFA55300FC37A2 /* Release */,
			);
			defaultConfigurationIsVisible = 0;
			defaultConfigurationName = Release;
		};
/* End XCConfigurationList section */
	};
	rootObject = 862C3A8C2DAFA55100FC37A2 /* Project object */;
}
